
Microsoft Visual Studio Solution File, Format Version 12.00
# Visual Studio Version 17
VisualStudioVersion = 17.3.32825.248
MinimumVisualStudioVersion = 10.0.40219.1
Project("{FAE04EC0-301F-11D3-BF4B-00C04F79EFBC}") = "Week8EpicGame", "Week8EpicGame\Week8EpicGame.csproj", "{5532D088-505E-4B9F-9964-3A27EA553227}"
EndProject
Global
	GlobalSection(SolutionConfigurationPlatforms) = preSolution
		Debug|Any CPU = Debug|Any CPU
		Release|Any CPU = Release|Any CPU
	EndGlobalSection
	GlobalSection(ProjectConfigurationPlatforms) = postSolution
		{5532D088-505E-4B9F-9964-3A27EA553227}.Debug|Any CPU.ActiveCfg = Debug|Any CPU
		{5532D088-505E-4B9F-9964-3A27EA553227}.Debug|Any CPU.Build.0 = Debug|Any CPU
		{5532D088-505E-4B9F-9964-3A27EA553227}.Release|Any CPU.ActiveCfg = Release|Any CPU
		{5532D088-505E-4B9F-9964-3A27EA553227}.Release|Any CPU.Build.0 = Release|Any CPU
	EndGlobalSection
	GlobalSection(SolutionProperties) = preSolution
		HideSolutionNode = FALSE
	EndGlobalSection
	GlobalSection(ExtensibilityGlobals) = postSolution
		SolutionGuid = {67AAC517-FF26-4952-8C0C-D6241F9132EC}
	EndGlobalSection
EndGlobal
